// !$*UTF8*$!
{
	archiveVersion = 1;
	classes = {
	};
	objectVersion = 56;
	objects = {

/* Begin PBXBuildFile section */
		18555F692C8E9AA6005EED0A /* p1cst438App.swift in Sources */ = {isa = PBXBuildFile; fileRef = 18555F682C8E9AA6005EED0A /* p1cst438App.swift */; };
		18555F6B2C8E9AA6005EED0A /* ContentView.swift in Sources */ = {isa = PBXBuildFile; fileRef = 18555F6A2C8E9AA6005EED0A /* ContentView.swift */; };
		18555F6D2C8E9AA9005EED0A /* Assets.xcassets in Resources */ = {isa = PBXBuildFile; fileRef = 18555F6C2C8E9AA9005EED0A /* Assets.xcassets */; };
		18555F702C8E9AA9005EED0A /* Preview Assets.xcassets in Resources */ = {isa = PBXBuildFile; fileRef = 18555F6F2C8E9AA9005EED0A /* Preview Assets.xcassets */; };
		18555F7A2C8E9AAA005EED0A /* p1cst438Tests.swift in Sources */ = {isa = PBXBuildFile; fileRef = 18555F792C8E9AAA005EED0A /* p1cst438Tests.swift */; };
		18555F842C8E9AAA005EED0A /* p1cst438UITests.swift in Sources */ = {isa = PBXBuildFile; fileRef = 18555F832C8E9AAA005EED0A /* p1cst438UITests.swift */; };
		18555F862C8E9AAA005EED0A /* p1cst438UITestsLaunchTests.swift in Sources */ = {isa = PBXBuildFile; fileRef = 18555F852C8E9AAA005EED0A /* p1cst438UITestsLaunchTests.swift */; };
/* End PBXBuildFile section */

/* Begin PBXContainerItemProxy section */
		18555F762C8E9AAA005EED0A /* PBXContainerItemProxy */ = {
			isa = PBXContainerItemProxy;
			containerPortal = 18555F5D2C8E9AA6005EED0A /* Project object */;
			proxyType = 1;
			remoteGlobalIDString = 18555F642C8E9AA6005EED0A;
			remoteInfo = p1cst438;
		};
		18555F802C8E9AAA005EED0A /* PBXContainerItemProxy */ = {
			isa = PBXContainerItemProxy;
			containerPortal = 18555F5D2C8E9AA6005EED0A /* Project object */;
			proxyType = 1;
			remoteGlobalIDString = 18555F642C8E9AA6005EED0A;
			remoteInfo = p1cst438;
		};
/* End PBXContainerItemProxy section */

/* Begin PBXFileReference section */
		18555F652C8E9AA6005EED0A /* p1cst438.app */ = {isa = PBXFileReference; explicitFileType = wrapper.application; includeInIndex = 0; path = p1cst438.app; sourceTree = BUILT_PRODUCTS_DIR; };
		18555F682C8E9AA6005EED0A /* p1cst438App.swift */ = {isa = PBXFileReference; lastKnownFileType = sourcecode.swift; path = p1cst438App.swift; sourceTree = "<group>"; };
		18555F6A2C8E9AA6005EED0A /* ContentView.swift */ = {isa = PBXFileReference; lastKnownFileType = sourcecode.swift; path = ContentView.swift; sourceTree = "<group>"; };
		18555F6C2C8E9AA9005EED0A /* Assets.xcassets */ = {isa = PBXFileReference; lastKnownFileType = folder.assetcatalog; path = Assets.xcassets; sourceTree = "<group>"; };
		18555F6F2C8E9AA9005EED0A /* Preview Assets.xcassets */ = {isa = PBXFileReference; lastKnownFileType = folder.assetcatalog; path = "Preview Assets.xcassets"; sourceTree = "<group>"; };
		18555F752C8E9AAA005EED0A /* p1cst438Tests.xctest */ = {isa = PBXFileReference; explicitFileType = wrapper.cfbundle; includeInIndex = 0; path = p1cst438Tests.xctest; sourceTree = BUILT_PRODUCTS_DIR; };
		18555F792C8E9AAA005EED0A /* p1cst438Tests.swift */ = {isa = PBXFileReference; lastKnownFileType = sourcecode.swift; path = p1cst438Tests.swift; sourceTree = "<group>"; };
		18555F7F2C8E9AAA005EED0A /* p1cst438UITests.xctest */ = {isa = PBXFileReference; explicitFileType = wrapper.cfbundle; includeInIndex = 0; path = p1cst438UITests.xctest; sourceTree = BUILT_PRODUCTS_DIR; };
		18555F832C8E9AAA005EED0A /* p1cst438UITests.swift */ = {isa = PBXFileReference; lastKnownFileType = sourcecode.swift; path = p1cst438UITests.swift; sourceTree = "<group>"; };
		18555F852C8E9AAA005EED0A /* p1cst438UITestsLaunchTests.swift */ = {isa = PBXFileReference; lastKnownFileType = sourcecode.swift; path = p1cst438UITestsLaunchTests.swift; sourceTree = "<group>"; };
/* End PBXFileReference section */

/* Begin PBXFrameworksBuildPhase section */
		18555F622C8E9AA6005EED0A /* Frameworks */ = {
			isa = PBXFrameworksBuildPhase;
			buildActionMask = 2147483647;
			files = (
			);
			runOnlyForDeploymentPostprocessing = 0;
		};
		18555F722C8E9AAA005EED0A /* Frameworks */ = {
			isa = PBXFrameworksBuildPhase;
			buildActionMask = 2147483647;
			files = (
			);
			runOnlyForDeploymentPostprocessing = 0;
		};
		18555F7C2C8E9AAA005EED0A /* Frameworks */ = {
			isa = PBXFrameworksBuildPhase;
			buildActionMask = 2147483647;
			files = (
			);
			runOnlyForDeploymentPostprocessing = 0;
		};
/* End PBXFrameworksBuildPhase section */

/* Begin PBXGroup section */
		18555F5C2C8E9AA6005EED0A = {
			isa = PBXGroup;
			children = (
				18555F672C8E9AA6005EED0A /* p1cst438 */,
				18555F782C8E9AAA005EED0A /* p1cst438Tests */,
				18555F822C8E9AAA005EED0A /* p1cst438UITests */,
				18555F662C8E9AA6005EED0A /* Products */,
			);
			sourceTree = "<group>";
		};
		18555F662C8E9AA6005EED0A /* Products */ = {
			isa = PBXGroup;
			children = (
				18555F652C8E9AA6005EED0A /* p1cst438.app */,
				18555F752C8E9AAA005EED0A /* p1cst438Tests.xctest */,
				18555F7F2C8E9AAA005EED0A /* p1cst438UITests.xctest */,
			);
			name = Products;
			sourceTree = "<group>";
		};
		18555F672C8E9AA6005EED0A /* p1cst438 */ = {
			isa = PBXGroup;
			children = (
				18555F682C8E9AA6005EED0A /* p1cst438App.swift */,
				18555F6A2C8E9AA6005EED0A /* ContentView.swift */,
				18555F6C2C8E9AA9005EED0A /* Assets.xcassets */,
				18555F6E2C8E9AA9005EED0A /* Preview Content */,
			);
			path = p1cst438;
			sourceTree = "<group>";
		};
		18555F6E2C8E9AA9005EED0A /* Preview Content */ = {
			isa = PBXGroup;
			children = (
				18555F6F2C8E9AA9005EED0A /* Preview Assets.xcassets */,
			);
			path = "Preview Content";
			sourceTree = "<group>";
		};
		18555F782C8E9AAA005EED0A /* p1cst438Tests */ = {
			isa = PBXGroup;
			children = (
				18555F792C8E9AAA005EED0A /* p1cst438Tests.swift */,
			);
			path = p1cst438Tests;
			sourceTree = "<group>";
		};
		18555F822C8E9AAA005EED0A /* p1cst438UITests */ = {
			isa = PBXGroup;
			children = (
				18555F832C8E9AAA005EED0A /* p1cst438UITests.swift */,
				18555F852C8E9AAA005EED0A /* p1cst438UITestsLaunchTests.swift */,
			);
			path = p1cst438UITests;
			sourceTree = "<group>";
		};
/* End PBXGroup section */

/* Begin PBXNativeTarget section */
		18555F642C8E9AA6005EED0A /* p1cst438 */ = {
			isa = PBXNativeTarget;
			buildConfigurationList = 18555F892C8E9AAA005EED0A /* Build configuration list for PBXNativeTarget "p1cst438" */;
			buildPhases = (
				18555F612C8E9AA6005EED0A /* Sources */,
				18555F622C8E9AA6005EED0A /* Frameworks */,
				18555F632C8E9AA6005EED0A /* Resources */,
			);
			buildRules = (
			);
			dependencies = (
			);
			name = p1cst438;
			productName = p1cst438;
			productReference = 18555F652C8E9AA6005EED0A /* p1cst438.app */;
			productType = "com.apple.product-type.application";
		};
		18555F742C8E9AAA005EED0A /* p1cst438Tests */ = {
			isa = PBXNativeTarget;
			buildConfigurationList = 18555F8C2C8E9AAA005EED0A /* Build configuration list for PBXNativeTarget "p1cst438Tests" */;
			buildPhases = (
				18555F712C8E9AAA005EED0A /* Sources */,
				18555F722C8E9AAA005EED0A /* Frameworks */,
				18555F732C8E9AAA005EED0A /* Resources */,
			);
			buildRules = (
			);
			dependencies = (
				18555F772C8E9AAA005EED0A /* PBXTargetDependency */,
			);
			name = p1cst438Tests;
			productName = p1cst438Tests;
			productReference = 18555F752C8E9AAA005EED0A /* p1cst438Tests.xctest */;
			productType = "com.apple.product-type.bundle.unit-test";
		};
		18555F7E2C8E9AAA005EED0A /* p1cst438UITests */ = {
			isa = PBXNativeTarget;
			buildConfigurationList = 18555F8F2C8E9AAA005EED0A /* Build configuration list for PBXNativeTarget "p1cst438UITests" */;
			buildPhases = (
				18555F7B2C8E9AAA005EED0A /* Sources */,
				18555F7C2C8E9AAA005EED0A /* Frameworks */,
				18555F7D2C8E9AAA005EED0A /* Resources */,
			);
			buildRules = (
			);
			dependencies = (
				18555F812C8E9AAA005EED0A /* PBXTargetDependency */,
			);
			name = p1cst438UITests;
			productName = p1cst438UITests;
			productReference = 18555F7F2C8E9AAA005EED0A /* p1cst438UITests.xctest */;
			productType = "com.apple.product-type.bundle.ui-testing";
		};
/* End PBXNativeTarget section */

/* Begin PBXProject section */
		18555F5D2C8E9AA6005EED0A /* Project object */ = {
			isa = PBXProject;
			attributes = {
				BuildIndependentTargetsInParallel = 1;
				LastSwiftUpdateCheck = 1540;
				LastUpgradeCheck = 1540;
				TargetAttributes = {
					18555F642C8E9AA6005EED0A = {
						CreatedOnToolsVersion = 15.4;
					};
					18555F742C8E9AAA005EED0A = {
						CreatedOnToolsVersion = 15.4;
						TestTargetID = 18555F642C8E9AA6005EED0A;
					};
					18555F7E2C8E9AAA005EED0A = {
						CreatedOnToolsVersion = 15.4;
						TestTargetID = 18555F642C8E9AA6005EED0A;
					};
				};
			};
			buildConfigurationList = 18555F602C8E9AA6005EED0A /* Build configuration list for PBXProject "p1cst438" */;
			compatibilityVersion = "Xcode 14.0";
			developmentRegion = en;
			hasScannedForEncodings = 0;
			knownRegions = (
				en,
				Base,
			);
			mainGroup = 18555F5C2C8E9AA6005EED0A;
			productRefGroup = 18555F662C8E9AA6005EED0A /* Products */;
			projectDirPath = "";
			projectRoot = "";
			targets = (
				18555F642C8E9AA6005EED0A /* p1cst438 */,
				18555F742C8E9AAA005EED0A /* p1cst438Tests */,
				18555F7E2C8E9AAA005EED0A /* p1cst438UITests */,
			);
		};
/* End PBXProject section */

/* Begin PBXResourcesBuildPhase section */
		18555F632C8E9AA6005EED0A /* Resources */ = {
			isa = PBXResourcesBuildPhase;
			buildActionMask = 2147483647;
			files = (
				18555F702C8E9AA9005EED0A /* Preview Assets.xcassets in Resources */,
				18555F6D2C8E9AA9005EED0A /* Assets.xcassets in Resources */,
			);
			runOnlyForDeploymentPostprocessing = 0;
		};
		18555F732C8E9AAA005EED0A /* Resources */ = {
			isa = PBXResourcesBuildPhase;
			buildActionMask = 2147483647;
			files = (
			);
			runOnlyForDeploymentPostprocessing = 0;
		};
		18555F7D2C8E9AAA005EED0A /* Resources */ = {
			isa = PBXResourcesBuildPhase;
			buildActionMask = 2147483647;
			files = (
			);
			runOnlyForDeploymentPostprocessing = 0;
		};
/* End PBXResourcesBuildPhase section */

/* Begin PBXSourcesBuildPhase section */
		18555F612C8E9AA6005EED0A /* Sources */ = {
			isa = PBXSourcesBuildPhase;
			buildActionMask = 2147483647;
			files = (
				18555F6B2C8E9AA6005EED0A /* ContentView.swift in Sources */,
				18555F692C8E9AA6005EED0A /* p1cst438App.swift in Sources */,
			);
			runOnlyForDeploymentPostprocessing = 0;
		};
		18555F712C8E9AAA005EED0A /* Sources */ = {
			isa = PBXSourcesBuildPhase;
			buildActionMask = 2147483647;
			files = (
				18555F7A2C8E9AAA005EED0A /* p1cst438Tests.swift in Sources */,
			);
			runOnlyForDeploymentPostprocessing = 0;
		};
		18555F7B2C8E9AAA005EED0A /* Sources */ = {
			isa = PBXSourcesBuildPhase;
			buildActionMask = 2147483647;
			files = (
				18555F862C8E9AAA005EED0A /* p1cst438UITestsLaunchTests.swift in Sources */,
				18555F842C8E9AAA005EED0A /* p1cst438UITests.swift in Sources */,
			);
			runOnlyForDeploymentPostprocessing = 0;
		};
/* End PBXSourcesBuildPhase section */

/* Begin PBXTargetDependency section */
		18555F772C8E9AAA005EED0A /* PBXTargetDependency */ = {
			isa = PBXTargetDependency;
			target = 18555F642C8E9AA6005EED0A /* p1cst438 */;
			targetProxy = 18555F762C8E9AAA005EED0A /* PBXContainerItemProxy */;
		};
		18555F812C8E9AAA005EED0A /* PBXTargetDependency */ = {
			isa = PBXTargetDependency;
			target = 18555F642C8E9AA6005EED0A /* p1cst438 */;
			targetProxy = 18555F802C8E9AAA005EED0A /* PBXContainerItemProxy */;
		};
/* End PBXTargetDependency section */

/* Begin XCBuildConfiguration section */
		18555F872C8E9AAA005EED0A /* Debug */ = {
			isa = XCBuildConfiguration;
			buildSettings = {
				ALWAYS_SEARCH_USER_PATHS = NO;
				ASSETCATALOG_COMPILER_GENERATE_SWIFT_ASSET_SYMBOL_EXTENSIONS = YES;
				CLANG_ANALYZER_NONNULL = YES;
				CLANG_ANALYZER_NUMBER_OBJECT_CONVERSION = YES_AGGRESSIVE;
				CLANG_CXX_LANGUAGE_STANDARD = "gnu++20";
				CLANG_ENABLE_MODULES = YES;
				CLANG_ENABLE_OBJC_ARC = YES;
				CLANG_ENABLE_OBJC_WEAK = YES;
				CLANG_WARN_BLOCK_CAPTURE_AUTORELEASING = YES;
				CLANG_WARN_BOOL_CONVERSION = YES;
				CLANG_WARN_COMMA = YES;
				CLANG_WARN_CONSTANT_CONVERSION = YES;
				CLANG_WARN_DEPRECATED_OBJC_IMPLEMENTATIONS = YES;
				CLANG_WARN_DIRECT_OBJC_ISA_USAGE = YES_ERROR;
				CLANG_WARN_DOCUMENTATION_COMMENTS = YES;
				CLANG_WARN_EMPTY_BODY = YES;
				CLANG_WARN_ENUM_CONVERSION = YES;
				CLANG_WARN_INFINITE_RECURSION = YES;
				CLANG_WARN_INT_CONVERSION = YES;
				CLANG_WARN_NON_LITERAL_NULL_CONVERSION = YES;
				CLANG_WARN_OBJC_IMPLICIT_RETAIN_SELF = YES;
				CLANG_WARN_OBJC_LITERAL_CONVERSION = YES;
				CLANG_WARN_OBJC_ROOT_CLASS = YES_ERROR;
				CLANG_WARN_QUOTED_INCLUDE_IN_FRAMEWORK_HEADER = YES;
				CLANG_WARN_RANGE_LOOP_ANALYSIS = YES;
				CLANG_WARN_STRICT_PROTOTYPES = YES;
				CLANG_WARN_SUSPICIOUS_MOVE = YES;
				CLANG_WARN_UNGUARDED_AVAILABILITY = YES_AGGRESSIVE;
				CLANG_WARN_UNREACHABLE_CODE = YES;
				CLANG_WARN__DUPLICATE_METHOD_MATCH = YES;
				COPY_PHASE_STRIP = NO;
				DEBUG_INFORMATION_FORMAT = dwarf;
				ENABLE_STRICT_OBJC_MSGSEND = YES;
				ENABLE_TESTABILITY = YES;
				ENABLE_USER_SCRIPT_SANDBOXING = YES;
				GCC_C_LANGUAGE_STANDARD = gnu17;
				GCC_DYNAMIC_NO_PIC = NO;
				GCC_NO_COMMON_BLOCKS = YES;
				GCC_OPTIMIZATION_LEVEL = 0;
				GCC_PREPROCESSOR_DEFINITIONS = (
					"DEBUG=1",
					"$(inherited)",
				);
				GCC_WARN_64_TO_32_BIT_CONVERSION = YES;
				GCC_WARN_ABOUT_RETURN_TYPE = YES_ERROR;
				GCC_WARN_UNDECLARED_SELECTOR = YES;
				GCC_WARN_UNINITIALIZED_AUTOS = YES_AGGRESSIVE;
				GCC_WARN_UNUSED_FUNCTION = YES;
				GCC_WARN_UNUSED_VARIABLE = YES;
				IPHONEOS_DEPLOYMENT_TARGET = 17.5;
				LOCALIZATION_PREFERS_STRING_CATALOGS = YES;
				MTL_ENABLE_DEBUG_INFO = INCLUDE_SOURCE;
				MTL_FAST_MATH = YES;
				ONLY_ACTIVE_ARCH = YES;
				SDKROOT = iphoneos;
				SWIFT_ACTIVE_COMPILATION_CONDITIONS = "DEBUG $(inherited)";
				SWIFT_OPTIMIZATION_LEVEL = "-Onone";
			};
			name = Debug;
		};
		18555F882C8E9AAA005EED0A /* Release */ = {
			isa = XCBuildConfiguration;
			buildSettings = {
				ALWAYS_SEARCH_USER_PATHS = NO;
				ASSETCATALOG_COMPILER_GENERATE_SWIFT_ASSET_SYMBOL_EXTENSIONS = YES;
				CLANG_ANALYZER_NONNULL = YES;
				CLANG_ANALYZER_NUMBER_OBJECT_CONVERSION = YES_AGGRESSIVE;
				CLANG_CXX_LANGUAGE_STANDARD = "gnu++20";
				CLANG_ENABLE_MODULES = YES;
				CLANG_ENABLE_OBJC_ARC = YES;
				CLANG_ENABLE_OBJC_WEAK = YES;
				CLANG_WARN_BLOCK_CAPTURE_AUTORELEASING = YES;
				CLANG_WARN_BOOL_CONVERSION = YES;
				CLANG_WARN_COMMA = YES;
				CLANG_WARN_CONSTANT_CONVERSION = YES;
				CLANG_WARN_DEPRECATED_OBJC_IMPLEMENTATIONS = YES;
				CLANG_WARN_DIRECT_OBJC_ISA_USAGE = YES_ERROR;
				CLANG_WARN_DOCUMENTATION_COMMENTS = YES;
				CLANG_WARN_EMPTY_BODY = YES;
				CLANG_WARN_ENUM_CONVERSION = YES;
				CLANG_WARN_INFINITE_RECURSION = YES;
				CLANG_WARN_INT_CONVERSION = YES;
				CLANG_WARN_NON_LITERAL_NULL_CONVERSION = YES;
				CLANG_WARN_OBJC_IMPLICIT_RETAIN_SELF = YES;
				CLANG_WARN_OBJC_LITERAL_CONVERSION = YES;
				CLANG_WARN_OBJC_ROOT_CLASS = YES_ERROR;
				CLANG_WARN_QUOTED_INCLUDE_IN_FRAMEWORK_HEADER = YES;
				CLANG_WARN_RANGE_LOOP_ANALYSIS = YES;
				CLANG_WARN_STRICT_PROTOTYPES = YES;
				CLANG_WARN_SUSPICIOUS_MOVE = YES;
				CLANG_WARN_UNGUARDED_AVAILABILITY = YES_AGGRESSIVE;
				CLANG_WARN_UNREACHABLE_CODE = YES;
				CLANG_WARN__DUPLICATE_METHOD_MATCH = YES;
				COPY_PHASE_STRIP = NO;
				DEBUG_INFORMATION_FORMAT = "dwarf-with-dsym";
				ENABLE_NS_ASSERTIONS = NO;
				ENABLE_STRICT_OBJC_MSGSEND = YES;
				ENABLE_USER_SCRIPT_SANDBOXING = YES;
				GCC_C_LANGUAGE_STANDARD = gnu17;
				GCC_NO_COMMON_BLOCKS = YES;
				GCC_WARN_64_TO_32_BIT_CONVERSION = YES;
				GCC_WARN_ABOUT_RETURN_TYPE = YES_ERROR;
				GCC_WARN_UNDECLARED_SELECTOR = YES;
				GCC_WARN_UNINITIALIZED_AUTOS = YES_AGGRESSIVE;
				GCC_WARN_UNUSED_FUNCTION = YES;
				GCC_WARN_UNUSED_VARIABLE = YES;
				IPHONEOS_DEPLOYMENT_TARGET = 17.5;
				LOCALIZATION_PREFERS_STRING_CATALOGS = YES;
				MTL_ENABLE_DEBUG_INFO = NO;
				MTL_FAST_MATH = YES;
				SDKROOT = iphoneos;
				SWIFT_COMPILATION_MODE = wholemodule;
				VALIDATE_PRODUCT = YES;
			};
			name = Release;
		};
		18555F8A2C8E9AAA005EED0A /* Debug */ = {
			isa = XCBuildConfiguration;
			buildSettings = {
				ASSETCATALOG_COMPILER_APPICON_NAME = AppIcon;
				ASSETCATALOG_COMPILER_GLOBAL_ACCENT_COLOR_NAME = AccentColor;
				CODE_SIGN_STYLE = Automatic;
				CURRENT_PROJECT_VERSION = 1;
				DEVELOPMENT_ASSET_PATHS = "\"p1cst438/Preview Content\"";
				ENABLE_PREVIEWS = YES;
				GENERATE_INFOPLIST_FILE = YES;
				INFOPLIST_KEY_UIApplicationSceneManifest_Generation = YES;
				INFOPLIST_KEY_UIApplicationSupportsIndirectInputEvents = YES;
				INFOPLIST_KEY_UILaunchScreen_Generation = YES;
				INFOPLIST_KEY_UISupportedInterfaceOrientations_iPad = "UIInterfaceOrientationPortrait UIInterfaceOrientationPortraitUpsideDown UIInterfaceOrientationLandscapeLeft UIInterfaceOrientationLandscapeRight";
				INFOPLIST_KEY_UISupportedInterfaceOrientations_iPhone = "UIInterfaceOrientationPortrait UIInterfaceOrientationLandscapeLeft UIInterfaceOrientationLandscapeRight";
				LD_RUNPATH_SEARCH_PATHS = (
					"$(inherited)",
					"@executable_path/Frameworks",
				);
				MARKETING_VERSION = 1.0;
				PRODUCT_BUNDLE_IDENTIFIER = practiceapp.p1cst438;
				PRODUCT_NAME = "$(TARGET_NAME)";
				SWIFT_EMIT_LOC_STRINGS = YES;
				SWIFT_VERSION = 5.0;
				TARGETED_DEVICE_FAMILY = "1,2";
			};
			name = Debug;
		};
		18555F8B2C8E9AAA005EED0A /* Release */ = {
			isa = XCBuildConfiguration;
			buildSettings = {
				ASSETCATALOG_COMPILER_APPICON_NAME = AppIcon;
				ASSETCATALOG_COMPILER_GLOBAL_ACCENT_COLOR_NAME = AccentColor;
				CODE_SIGN_STYLE = Automatic;
				CURRENT_PROJECT_VERSION = 1;
				DEVELOPMENT_ASSET_PATHS = "\"p1cst438/Preview Content\"";
				ENABLE_PREVIEWS = YES;
				GENERATE_INFOPLIST_FILE = YES;
				INFOPLIST_KEY_UIApplicationSceneManifest_Generation = YES;
				INFOPLIST_KEY_UIApplicationSupportsIndirectInputEvents = YES;
				INFOPLIST_KEY_UILaunchScreen_Generation = YES;
				INFOPLIST_KEY_UISupportedInterfaceOrientations_iPad = "UIInterfaceOrientationPortrait UIInterfaceOrientationPortraitUpsideDown UIInterfaceOrientationLandscapeLeft UIInterfaceOrientationLandscapeRight";
				INFOPLIST_KEY_UISupportedInterfaceOrientations_iPhone = "UIInterfaceOrientationPortrait UIInterfaceOrientationLandscapeLeft UIInterfaceOrientationLandscapeRight";
				LD_RUNPATH_SEARCH_PATHS = (
					"$(inherited)",
					"@executable_path/Frameworks",
				);
				MARKETING_VERSION = 1.0;
				PRODUCT_BUNDLE_IDENTIFIER = practiceapp.p1cst438;
				PRODUCT_NAME = "$(TARGET_NAME)";
				SWIFT_EMIT_LOC_STRINGS = YES;
				SWIFT_VERSION = 5.0;
				TARGETED_DEVICE_FAMILY = "1,2";
			};
			name = Release;
		};
		18555F8D2C8E9AAA005EED0A /* Debug */ = {
			isa = XCBuildConfiguration;
			buildSettings = {
				ALWAYS_EMBED_SWIFT_STANDARD_LIBRARIES = YES;
				BUNDLE_LOADER = "$(TEST_HOST)";
				CODE_SIGN_STYLE = Automatic;
				CURRENT_PROJECT_VERSION = 1;
				GENERATE_INFOPLIST_FILE = YES;
				IPHONEOS_DEPLOYMENT_TARGET = 17.5;
				MARKETING_VERSION = 1.0;
				PRODUCT_BUNDLE_IDENTIFIER = practiceapp.p1cst438Tests;
				PRODUCT_NAME = "$(TARGET_NAME)";
				SWIFT_EMIT_LOC_STRINGS = NO;
				SWIFT_VERSION = 5.0;
				TARGETED_DEVICE_FAMILY = "1,2";
				TEST_HOST = "$(BUILT_PRODUCTS_DIR)/p1cst438.app/$(BUNDLE_EXECUTABLE_FOLDER_PATH)/p1cst438";
			};
			name = Debug;
		};
		18555F8E2C8E9AAA005EED0A /* Release */ = {
			isa = XCBuildConfiguration;
			buildSettings = {
				ALWAYS_EMBED_SWIFT_STANDARD_LIBRARIES = YES;
				BUNDLE_LOADER = "$(TEST_HOST)";
				CODE_SIGN_STYLE = Automatic;
				CURRENT_PROJECT_VERSION = 1;
				GENERATE_INFOPLIST_FILE = YES;
				IPHONEOS_DEPLOYMENT_TARGET = 17.5;
				MARKETING_VERSION = 1.0;
				PRODUCT_BUNDLE_IDENTIFIER = practiceapp.p1cst438Tests;
				PRODUCT_NAME = "$(TARGET_NAME)";
				SWIFT_EMIT_LOC_STRINGS = NO;
				SWIFT_VERSION = 5.0;
				TARGETED_DEVICE_FAMILY = "1,2";
				TEST_HOST = "$(BUILT_PRODUCTS_DIR)/p1cst438.app/$(BUNDLE_EXECUTABLE_FOLDER_PATH)/p1cst438";
			};
			name = Release;
		};
		18555F902C8E9AAA005EED0A /* Debug */ = {
			isa = XCBuildConfiguration;
			buildSettings = {
				ALWAYS_EMBED_SWIFT_STANDARD_LIBRARIES = YES;
				CODE_SIGN_STYLE = Automatic;
				CURRENT_PROJECT_VERSION = 1;
				GENERATE_INFOPLIST_FILE = YES;
				MARKETING_VERSION = 1.0;
				PRODUCT_BUNDLE_IDENTIFIER = practiceapp.p1cst438UITests;
				PRODUCT_NAME = "$(TARGET_NAME)";
				SWIFT_EMIT_LOC_STRINGS = NO;
				SWIFT_VERSION = 5.0;
				TARGETED_DEVICE_FAMILY = "1,2";
				TEST_TARGET_NAME = p1cst438;
			};
			name = Debug;
		};
		18555F912C8E9AAA005EED0A /* Release */ = {
			isa = XCBuildConfiguration;
			buildSettings = {
				ALWAYS_EMBED_SWIFT_STANDARD_LIBRARIES = YES;
				CODE_SIGN_STYLE = Automatic;
				CURRENT_PROJECT_VERSION = 1;
				GENERATE_INFOPLIST_FILE = YES;
				MARKETING_VERSION = 1.0;
				PRODUCT_BUNDLE_IDENTIFIER = practiceapp.p1cst438UITests;
				PRODUCT_NAME = "$(TARGET_NAME)";
				SWIFT_EMIT_LOC_STRINGS = NO;
				SWIFT_VERSION = 5.0;
				TARGETED_DEVICE_FAMILY = "1,2";
				TEST_TARGET_NAME = p1cst438;
			};
			name = Release;
		};
/* End XCBuildConfiguration section */

/* Begin XCConfigurationList section */
		18555F602C8E9AA6005EED0A /* Build configuration list for PBXProject "p1cst438" */ = {
			isa = XCConfigurationList;
			buildConfigurations = (
				18555F872C8E9AAA005EED0A /* Debug */,
				18555F882C8E9AAA005EED0A /* Release */,
			);
			defaultConfigurationIsVisible = 0;
			defaultConfigurationName = Release;
		};
		18555F892C8E9AAA005EED0A /* Build configuration list for PBXNativeTarget "p1cst438" */ = {
			isa = XCConfigurationList;
			buildConfigurations = (
				18555F8A2C8E9AAA005EED0A /* Debug */,
				18555F8B2C8E9AAA005EED0A /* Release */,
			);
			defaultConfigurationIsVisible = 0;
			defaultConfigurationName = Release;
		};
		18555F8C2C8E9AAA005EED0A /* Build configuration list for PBXNativeTarget "p1cst438Tests" */ = {
			isa = XCConfigurationList;
			buildConfigurations = (
				18555F8D2C8E9AAA005EED0A /* Debug */,
				18555F8E2C8E9AAA005EED0A /* Release */,
			);
			defaultConfigurationIsVisible = 0;
			defaultConfigurationName = Release;
		};
		18555F8F2C8E9AAA005EED0A /* Build configuration list for PBXNativeTarget "p1cst438UITests" */ = {
			isa = XCConfigurationList;
			buildConfigurations = (
				18555F902C8E9AAA005EED0A /* Debug */,
				18555F912C8E9AAA005EED0A /* Release */,
			);
			defaultConfigurationIsVisible = 0;
			defaultConfigurationName = Release;
		};
/* End XCConfigurationList section */
	};
	rootObject = 18555F5D2C8E9AA6005EED0A /* Project object */;
}
